
Microsoft Visual Studio Solution File, Format Version 12.00
# Visual Studio 14
VisualStudioVersion = 14.0.23107.0
MinimumVisualStudioVersion = 10.0.40219.1
Project("{E24C65DC-7377-472B-9ABA-BC803B73C61A}") = "master(1)", "..\master\", "{D523C7B9-4D8D-4592-86F7-A616A8BE3174}"
	ProjectSection(WebsiteProperties) = preProject
		TargetFrameworkMoniker = ".NETFramework,Version%3Dv4.0"
		Debug.AspNetCompiler.VirtualPath = "/localhost_40508"
		Debug.AspNetCompiler.PhysicalPath = "..\master\"
		Debug.AspNetCompiler.TargetPath = "PrecompiledWeb\localhost_40508\"
		Debug.AspNetCompiler.Updateable = "true"
		Debug.AspNetCompiler.ForceOverwrite = "true"
		Debug.AspNetCompiler.FixedNames = "false"
		Debug.AspNetCompiler.Debug = "True"
		Release.AspNetCompiler.VirtualPath = "/localhost_40508"
		Release.AspNetCompiler.PhysicalPath = "..\master\"
		Release.AspNetCompiler.TargetPath = "PrecompiledWeb\localhost_40508\"
		Release.AspNetCompiler.Updateable = "true"
		Release.AspNetCompiler.ForceOverwrite = "true"
		Release.AspNetCompiler.FixedNames = "false"
		Release.AspNetCompiler.Debug = "False"
		VWDPort = "40508"
		SlnRelativePath = "..\master\"
	EndProjectSection
EndProject
Project("{E24C65DC-7377-472B-9ABA-BC803B73C61A}") = "server(1)", "..\server\", "{5A9A6B1A-C9F7-4C29-B974-4A832F5426A4}"
	ProjectSection(WebsiteProperties) = preProject
		TargetFrameworkMoniker = ".NETFramework,Version%3Dv4.0"
		Debug.AspNetCompiler.VirtualPath = "/localhost_40510"
		Debug.AspNetCompiler.PhysicalPath = "..\server\"
		Debug.AspNetCompiler.TargetPath = "PrecompiledWeb\localhost_40510\"
		Debug.AspNetCompiler.Updateable = "true"
		Debug.AspNetCompiler.ForceOverwrite = "true"
		Debug.AspNetCompiler.FixedNames = "false"
		Debug.AspNetCompiler.Debug = "True"
		Release.AspNetCompiler.VirtualPath = "/localhost_40510"
		Release.AspNetCompiler.PhysicalPath = "..\server\"
		Release.AspNetCompiler.TargetPath = "PrecompiledWeb\localhost_40510\"
		Release.AspNetCompiler.Updateable = "true"
		Release.AspNetCompiler.ForceOverwrite = "true"
		Release.AspNetCompiler.FixedNames = "false"
		Release.AspNetCompiler.Debug = "False"
		VWDPort = "40510"
		SlnRelativePath = "..\server\"
	EndProjectSection
EndProject
Global
	GlobalSection(SolutionConfigurationPlatforms) = preSolution
		Debug|Any CPU = Debug|Any CPU
	EndGlobalSection
	GlobalSection(ProjectConfigurationPlatforms) = postSolution
		{D523C7B9-4D8D-4592-86F7-A616A8BE3174}.Debug|Any CPU.ActiveCfg = Debug|Any CPU
		{D523C7B9-4D8D-4592-86F7-A616A8BE3174}.Debug|Any CPU.Build.0 = Debug|Any CPU
		{5A9A6B1A-C9F7-4C29-B974-4A832F5426A4}.Debug|Any CPU.ActiveCfg = Debug|Any CPU
		{5A9A6B1A-C9F7-4C29-B974-4A832F5426A4}.Debug|Any CPU.Build.0 = Debug|Any CPU
	EndGlobalSection
	GlobalSection(SolutionProperties) = preSolution
		HideSolutionNode = FALSE
	EndGlobalSection
EndGlobal
